{
  "name": "fmt2i",
  "version": "0.1.5",
  "lockfileVersion": 1,
  "requires": true,
  "dependencies": {
    "@types/node": {
      "version": "10.17.27",
      "resolved": "https://registry.npm.taobao.org/@types/node/download/@types/node-10.17.27.tgz?cache=0&sync_timestamp=1594655997654&other_urls=https%3A%2F%2Fregistry.npm.taobao.org%2F%40types%2Fnode%2Fdownload%2F%40types%2Fnode-10.17.27.tgz",
      "integrity": "sha1-ORyzkcdWRsitKntu07vO5S0b3xk=",
      "dev": true
    },
    "@types/xml-js": {
      "version": "1.0.0",
      "resolved": "https://registry.npm.taobao.org/@types/xml-js/download/@types/xml-js-1.0.0.tgz",
      "integrity": "sha1-8FNa6hzBJvs0/A0KJ4ylmZfIme4=",
      "dev": true,
      "requires": {
        "xml-js": "*"
      }
    },
    "@types/yaml": {
      "version": "1.9.7",
      "resolved": "https://registry.npm.taobao.org/@types/yaml/download/@types/yaml-1.9.7.tgz",
      "integrity": "sha1-IzHzbgqskTEaY9M+sCbCFodylnk=",
      "dev": true,
      "requires": {
        "yaml": "*"
      }
    },
    "sax": {
      "version": "1.2.4",
      "resolved": "https://registry.npm.taobao.org/sax/download/sax-1.2.4.tgz",
      "integrity": "sha1-KBYjTiN4vdxOU1T6tcqold9xANk="
    },
    "xml-js": {
      "version": "1.6.11",
      "resolved": "https://registry.npm.taobao.org/xml-js/download/xml-js-1.6.11.tgz",
      "integrity": "sha1-kn0vaUf38cGaMW3Y7qNhTosY+Ok=",
      "requires": {
        "sax": "^1.2.4"
      }
    },
    "yaml": {
      "version": "1.10.0",
      "resolved": "https://registry.npm.taobao.org/yaml/download/yaml-1.10.0.tgz",
      "integrity": "sha1-O1k63ZRIdgd9TWg/7gEIG9n/8x4="
    }
  }
}
