{
  "name": "nanoid-base58",
  "version": "0.1.0",
  "lockfileVersion": 3,
  "requires": true,
  "packages": {
    "": {
      "version": "0.1.0",
      "dependencies": {
        "nanoid": "^3.3.17"
      },
      "devDependencies": {
        "@types/nanoid": "^1.2.0"
      }
    },
    "node_modules/@types/nanoid": {
      "version": "1.2.0",
      "resolved": "https://registry.npmjs.org/@types/nanoid/-/nanoid-1.2.0.tgz",
      "integrity": "sha512-3/PFKYBTN3xDsABhbXS007PVhdKvDMkaG6nE83/dIaC2LOLhW6fPt9bOR6UdlRGLk4vy6fEvC9MjKy4CLFAjuQ==",
      "dev": true,
      "dependencies": {
        "@types/node": "*"
      }
    },
    "node_modules/nanoid": {
      "version": "3.3.17",
      "resolved": "https://registry.npmjs.org/nanoid/-/nanoid-3.3.17.tgz",
      "integrity": "sha512-xQLf0A3HOMlgHq0n247/LRuAOYmB7dXJ/DvAxGvsSBij45XtBSmQycu+F8ODbHwns/XyFZagyL1+J0Offw1E0g==",
      "funding": [
        {
          "type": "github",
          "url": "https://github.com/sponsors/ai"
        }
      ],
      "license": "MIT",
      "bin": {
        "nanoid": "bin/nanoid.cjs"
      },
      "engines": {
        "node": "^10 || ^12 || ^13.7 || ^14 || >=15.0.1"
      }
    }
  }
}
