{
  "name": "nanoid-base58",
  "version": "0.1.0",
  "lockfileVersion": 1,
  "requires": true,
  "dependencies": {
    "@types/nanoid": {
      "version": "1.2.0",
      "resolved": "https://registry.npmjs.org/@types/nanoid/-/nanoid-1.2.0.tgz",
      "integrity": "sha512-3/PFKYBTN3xDsABhbXS007PVhdKvDMkaG6nE83/dIaC2LOLhW6fPt9bOR6UdlRGLk4vy6fEvC9MjKy4CLFAjuQ==",
      "dev": true
    },
    "nanoid": {
      "version": "3.3.8",
      "resolved": "https://registry.npmjs.org/nanoid/-/nanoid-3.3.8.tgz",
      "integrity": "sha512-WNLf5Sd8oZxOm+TzppcYk8gVOgP+l58xNy58D0nbUnOxOWRWvlcCV4kUF7ltmI6PsrLl/BgKEyS4mqsGChFN0w=="
    }
  }
}
