{
  "name": "react-polymer-layout",
  "version": "4.1.1",
  "lockfileVersion": 1,
  "requires": true,
  "dependencies": {
    "@types/node": {
      "version": "10.12.2",
      "resolved": "http://registry.npm.taobao.org/@types/node/download/@types/node-10.12.2.tgz",
      "integrity": "sha1-13+fqgJ8ra2ckSzUf0+LB7D7CGQ=",
      "dev": true
    },
    "@types/prop-types": {
      "version": "15.5.6",
      "resolved": "http://registry.npm.taobao.org/@types/prop-types/download/@types/prop-types-15.5.6.tgz",
      "integrity": "sha1-nAPT/tcKjVF8GRt3NNooebUMomw=",
      "dev": true
    },
    "@types/react": {
      "version": "16.4.18",
      "resolved": "http://registry.npm.taobao.org/@types/react/download/@types/react-16.4.18.tgz",
      "integrity": "sha1-Liii5/ktP6fWpl8rcydcPjE4oT0=",
      "dev": true,
      "requires": {
        "@types/prop-types": "15.5.6",
        "csstype": "2.5.7"
      }
    },
    "@types/react-dom": {
      "version": "16.0.9",
      "resolved": "http://registry.npm.taobao.org/@types/react-dom/download/@types/react-dom-16.0.9.tgz",
      "integrity": "sha1-c863q+ZwOCLqtmAOZcXFLv0H+5E=",
      "dev": true,
      "requires": {
        "@types/node": "10.12.2",
        "@types/react": "16.4.18"
      }
    },
    "csstype": {
      "version": "2.5.7",
      "resolved": "http://registry.npm.taobao.org/csstype/download/csstype-2.5.7.tgz",
      "integrity": "sha1-v5I11YchQezPstFtgpk8axSRef8=",
      "dev": true
    },
    "js-tokens": {
      "version": "4.0.0",
      "resolved": "http://registry.npm.taobao.org/js-tokens/download/js-tokens-4.0.0.tgz",
      "integrity": "sha1-GSA/tZmR35jjoocFDUZHzerzJJk=",
      "dev": true
    },
    "loose-envify": {
      "version": "1.4.0",
      "resolved": "http://registry.npm.taobao.org/loose-envify/download/loose-envify-1.4.0.tgz",
      "integrity": "sha1-ce5R+nvkyuwaY4OffmgtgTLTDK8=",
      "dev": true,
      "requires": {
        "js-tokens": "4.0.0"
      }
    },
    "object-assign": {
      "version": "4.1.1",
      "resolved": "http://registry.npm.taobao.org/object-assign/download/object-assign-4.1.1.tgz",
      "integrity": "sha1-IQmtx5ZYh8/AXLvUQsrIv7s2CGM=",
      "dev": true
    },
    "prop-types": {
      "version": "15.6.2",
      "resolved": "http://registry.npm.taobao.org/prop-types/download/prop-types-15.6.2.tgz",
      "integrity": "sha1-BdXKd7RFPphdYPx/+MhZCUpJcQI=",
      "dev": true,
      "requires": {
        "loose-envify": "1.4.0",
        "object-assign": "4.1.1"
      }
    },
    "react": {
      "version": "16.6.1",
      "resolved": "http://registry.npm.taobao.org/react/download/react-16.6.1.tgz",
      "integrity": "sha1-7irvTwoJ5JRZSIICmCEEl3L5Ff4=",
      "dev": true,
      "requires": {
        "loose-envify": "1.4.0",
        "object-assign": "4.1.1",
        "prop-types": "15.6.2",
        "scheduler": "0.11.0"
      }
    },
    "react-dom": {
      "version": "16.6.1",
      "resolved": "http://registry.npm.taobao.org/react-dom/download/react-dom-16.6.1.tgz",
      "integrity": "sha1-VHbghpSuUErjhaKLYuzE/joprdk=",
      "dev": true,
      "requires": {
        "loose-envify": "1.4.0",
        "object-assign": "4.1.1",
        "prop-types": "15.6.2",
        "scheduler": "0.11.0"
      }
    },
    "scheduler": {
      "version": "0.11.0",
      "resolved": "http://registry.npm.taobao.org/scheduler/download/scheduler-0.11.0.tgz",
      "integrity": "sha1-3vHxv6ZVDMV5gahxBuZeiupBprU=",
      "dev": true,
      "requires": {
        "loose-envify": "1.4.0",
        "object-assign": "4.1.1"
      }
    }
  }
}
